{
    "_readme": [
        "This file locks the dependencies of your project to a known state",
        "Read more about it at https://getcomposer.org/doc/01-basic-usage.md#installing-dependencies",
        "This file is @generated automatically"
    ],
    "content-hash": "0035a76ebf3417eb808715b2a8fb3929",
    "packages": [
        {
            "name": "atlantisgroup/ormag",
            "version": "dev-master",
            "source": {
                "type": "git",
                "url": "https://github.com/atlantisgroupbv/OrmAG.git",
                "reference": "f2f2ae82cd64784d3def55065f7a74e0630b029f"
            },
            "dist": {
                "type": "zip",
                "url": "https://api.github.com/repos/atlantisgroupbv/OrmAG/zipball/f2f2ae82cd64784d3def55065f7a74e0630b029f",
                "reference": "f2f2ae82cd64784d3def55065f7a74e0630b029f",
                "shasum": ""
            },
            "require": {
                "php": ">=8.1"
            },
            "default-branch": true,
            "type": "library",
            "autoload": {
                "psr-4": {
                    "AtlantisGroup\\OrmAG\\": "src/"
                }
            },
            "notification-url": "https://packagist.org/downloads/",
            "license": [
                "MIT"
            ],
            "authors": [
                {
                    "name": "Sebastiaan Kooijman",
                    "email": "bas.kooijman@gmail.com",
                    "role": "Developer / Creator"
                }
            ],
            "description": "Atlantis Group Orm for CMS and administration",
            "support": {
                "issues": "https://github.com/atlantisgroupbv/OrmAG/issues",
                "source": "https://github.com/atlantisgroupbv/OrmAG/tree/master"
            },
            "time": "2023-09-18T05:58:54+00:00"
        }
    ],
    "packages-dev": [],
    "aliases": [],
    "minimum-stability": "stable",
    "stability-flags": {
        "atlantisgroup/ormag": 20
    },
    "prefer-stable": false,
    "prefer-lowest": false,
    "platform": {
        "php": ">=8.1"
    },
    "platform-dev": [],
    "plugin-api-version": "2.3.0"
}
